
Microsoft Visual Studio Solution File, Format Version 12.00
# Visual Studio 15
VisualStudioVersion = 15.0.27130.2036
MinimumVisualStudioVersion = 10.0.40219.1
Project("{9A19103F-16F7-4668-BE54-9A1E7A4F7556}") = "MusicRequestService", "MusicRequestService\MusicRequestService.csproj", "{AFE43343-6401-4084-AB74-70DF4BA9AEDB}"
EndProject
Project("{FAE04EC0-301F-11D3-BF4B-00C04F79EFBC}") = "BotService", "BotService\BotService.csproj", "{4A6643A9-9AFF-41B4-B05E-89D571444824}"
EndProject
Global
	GlobalSection(SolutionConfigurationPlatforms) = preSolution
		Debug|Any CPU = Debug|Any CPU
		Release|Any CPU = Release|Any CPU
	EndGlobalSection
	GlobalSection(ProjectConfigurationPlatforms) = postSolution
		{AFE43343-6401-4084-AB74-70DF4BA9AEDB}.Debug|Any CPU.ActiveCfg = Debug|Any CPU
		{AFE43343-6401-4084-AB74-70DF4BA9AEDB}.Debug|Any CPU.Build.0 = Debug|Any CPU
		{AFE43343-6401-4084-AB74-70DF4BA9AEDB}.Release|Any CPU.ActiveCfg = Release|Any CPU
		{AFE43343-6401-4084-AB74-70DF4BA9AEDB}.Release|Any CPU.Build.0 = Release|Any CPU
		{4A6643A9-9AFF-41B4-B05E-89D571444824}.Debug|Any CPU.ActiveCfg = Debug|Any CPU
		{4A6643A9-9AFF-41B4-B05E-89D571444824}.Debug|Any CPU.Build.0 = Debug|Any CPU
		{4A6643A9-9AFF-41B4-B05E-89D571444824}.Release|Any CPU.ActiveCfg = Release|Any CPU
		{4A6643A9-9AFF-41B4-B05E-89D571444824}.Release|Any CPU.Build.0 = Release|Any CPU
	EndGlobalSection
	GlobalSection(SolutionProperties) = preSolution
		HideSolutionNode = FALSE
	EndGlobalSection
	GlobalSection(ExtensibilityGlobals) = postSolution
		SolutionGuid = {E1F628CF-C616-4083-B5C4-83C54D8FE24C}
	EndGlobalSection
EndGlobal
